
Microsoft Visual Studio Solution File, Format Version 12.00
# Visual Studio Version 17
VisualStudioVersion = 17.0.31903.59
MinimumVisualStudioVersion = 10.0.40219.1
Project("{FAE04EC0-301F-11D3-BF4B-00C04F79EFBC}") = "Ricardo", "Ricardo\Ricardo.csproj", "{A2DC77EE-3CB2-4519-95A2-AC7073718C10}"
EndProject
Global
	GlobalSection(SolutionConfigurationPlatforms) = preSolution
		Debug|Any CPU = Debug|Any CPU
		Release|Any CPU = Release|Any CPU
	EndGlobalSection
	GlobalSection(SolutionProperties) = preSolution
		HideSolutionNode = FALSE
	EndGlobalSection
	GlobalSection(ProjectConfigurationPlatforms) = postSolution
		{A2DC77EE-3CB2-4519-95A2-AC7073718C10}.Debug|Any CPU.ActiveCfg = Debug|Any CPU
		{A2DC77EE-3CB2-4519-95A2-AC7073718C10}.Debug|Any CPU.Build.0 = Debug|Any CPU
		{A2DC77EE-3CB2-4519-95A2-AC7073718C10}.Release|Any CPU.ActiveCfg = Release|Any CPU
		{A2DC77EE-3CB2-4519-95A2-AC7073718C10}.Release|Any CPU.Build.0 = Release|Any CPU
	EndGlobalSection
EndGlobal
